// !$*UTF8*$!
{
	archiveVersion = 1;
	classes = {
	};
	objectVersion = 50;
	objects = {

/* Begin PBXBuildFile section */
		4918FCD7223C9B74006FC76D /* AppDelegate.swift in Sources */ = {isa = PBXBuildFile; fileRef = 4918FCD6223C9B74006FC76D /* AppDelegate.swift */; };
		4918FCD9223C9B75006FC76D /* mapViewController.swift in Sources */ = {isa = PBXBuildFile; fileRef = 4918FCD8223C9B75006FC76D /* mapViewController.swift */; };
		4918FCDC223C9B75006FC76D /* Main.storyboard in Resources */ = {isa = PBXBuildFile; fileRef = 4918FCDA223C9B75006FC76D /* Main.storyboard */; };
		4918FCDE223C9B77006FC76D /* Assets.xcassets in Resources */ = {isa = PBXBuildFile; fileRef = 4918FCDD223C9B77006FC76D /* Assets.xcassets */; };
		4918FCE1223C9B77006FC76D /* LaunchScreen.storyboard in Resources */ = {isa = PBXBuildFile; fileRef = 4918FCDF223C9B77006FC76D /* LaunchScreen.storyboard */; };
		4918FCE9223CAF5F006FC76D /* mapViewControllerMapExtension.swift in Sources */ = {isa = PBXBuildFile; fileRef = 4918FCE8223CAF5F006FC76D /* mapViewControllerMapExtension.swift */; };
		EBDA9416E34701F5C6F4A0A5 /* Pods_Proj_Bayleef.framework in Frameworks */ = {isa = PBXBuildFile; fileRef = FBF90494042718835FED8B7F /* Pods_Proj_Bayleef.framework */; };
/* End PBXBuildFile section */

/* Begin PBXFileReference section */
		0291D54BE0733014F95A3FBD /* Pods-Proj Bayleef.release.xcconfig */ = {isa = PBXFileReference; includeInIndex = 1; lastKnownFileType = text.xcconfig; name = "Pods-Proj Bayleef.release.xcconfig"; path = "Pods/Target Support Files/Pods-Proj Bayleef/Pods-Proj Bayleef.release.xcconfig"; sourceTree = "<group>"; };
		4918FCD3223C9B74006FC76D /* Proj Bayleef.app */ = {isa = PBXFileReference; explicitFileType = wrapper.application; includeInIndex = 0; path = "Proj Bayleef.app"; sourceTree = BUILT_PRODUCTS_DIR; };
		4918FCD6223C9B74006FC76D /* AppDelegate.swift */ = {isa = PBXFileReference; lastKnownFileType = sourcecode.swift; path = AppDelegate.swift; sourceTree = "<group>"; };
		4918FCD8223C9B75006FC76D /* mapViewController.swift */ = {isa = PBXFileReference; lastKnownFileType = sourcecode.swift; path = mapViewController.swift; sourceTree = "<group>"; };
		4918FCDB223C9B75006FC76D /* Base */ = {isa = PBXFileReference; lastKnownFileType = file.storyboard; name = Base; path = Base.lproj/Main.storyboard; sourceTree = "<group>"; };
		4918FCDD223C9B77006FC76D /* Assets.xcassets */ = {isa = PBXFileReference; lastKnownFileType = folder.assetcatalog; path = Assets.xcassets; sourceTree = "<group>"; };
		4918FCE0223C9B77006FC76D /* Base */ = {isa = PBXFileReference; lastKnownFileType = file.storyboard; name = Base; path = Base.lproj/LaunchScreen.storyboard; sourceTree = "<group>"; };
		4918FCE2223C9B77006FC76D /* Info.plist */ = {isa = PBXFileReference; lastKnownFileType = text.plist.xml; path = Info.plist; sourceTree = "<group>"; };
		4918FCE8223CAF5F006FC76D /* mapViewControllerMapExtension.swift */ = {isa = PBXFileReference; lastKnownFileType = sourcecode.swift; path = mapViewControllerMapExtension.swift; sourceTree = "<group>"; };
		500F22C95414FE2F823CEA74 /* Pods-Proj Bayleef.debug.xcconfig */ = {isa = PBXFileReference; includeInIndex = 1; lastKnownFileType = text.xcconfig; name = "Pods-Proj Bayleef.debug.xcconfig"; path = "Pods/Target Support Files/Pods-Proj Bayleef/Pods-Proj Bayleef.debug.xcconfig"; sourceTree = "<group>"; };
		FBF90494042718835FED8B7F /* Pods_Proj_Bayleef.framework */ = {isa = PBXFileReference; explicitFileType = wrapper.framework; includeInIndex = 0; path = Pods_Proj_Bayleef.framework; sourceTree = BUILT_PRODUCTS_DIR; };
/* End PBXFileReference section */

/* Begin PBXFrameworksBuildPhase section */
		4918FCD0223C9B74006FC76D /* Frameworks */ = {
			isa = PBXFrameworksBuildPhase;
			buildActionMask = 2147483647;
			files = (
				EBDA9416E34701F5C6F4A0A5 /* Pods_Proj_Bayleef.framework in Frameworks */,
			);
			runOnlyForDeploymentPostprocessing = 0;
		};
/* End PBXFrameworksBuildPhase section */

/* Begin PBXGroup section */
		4918FCCA223C9B74006FC76D = {
			isa = PBXGroup;
			children = (
				4918FCD5223C9B74006FC76D /* Proj Bayleef */,
				4918FCD4223C9B74006FC76D /* Products */,
				E5B9B2EAD72D2F58BC646AF7 /* Pods */,
				7118E1B16671C50F6AFE3624 /* Frameworks */,
			);
			sourceTree = "<group>";
		};
		4918FCD4223C9B74006FC76D /* Products */ = {
			isa = PBXGroup;
			children = (
				4918FCD3223C9B74006FC76D /* Proj Bayleef.app */,
			);
			name = Products;
			sourceTree = "<group>";
		};
		4918FCD5223C9B74006FC76D /* Proj Bayleef */ = {
			isa = PBXGroup;
			children = (
				4918FCD6223C9B74006FC76D /* AppDelegate.swift */,
				4918FCEA223CAF6A006FC76D /* Controllers */,
				4918FCDA223C9B75006FC76D /* Main.storyboard */,
				4918FCDD223C9B77006FC76D /* Assets.xcassets */,
				4918FCDF223C9B77006FC76D /* LaunchScreen.storyboard */,
				4918FCE2223C9B77006FC76D /* Info.plist */,
			);
			path = "Proj Bayleef";
			sourceTree = "<group>";
		};
		4918FCEA223CAF6A006FC76D /* Controllers */ = {
			isa = PBXGroup;
			children = (
				4918FCD8223C9B75006FC76D /* mapViewController.swift */,
				4918FCE8223CAF5F006FC76D /* mapViewControllerMapExtension.swift */,
			);
			path = Controllers;
			sourceTree = "<group>";
		};
		7118E1B16671C50F6AFE3624 /* Frameworks */ = {
			isa = PBXGroup;
			children = (
				FBF90494042718835FED8B7F /* Pods_Proj_Bayleef.framework */,
			);
			name = Frameworks;
			sourceTree = "<group>";
		};
		E5B9B2EAD72D2F58BC646AF7 /* Pods */ = {
			isa = PBXGroup;
			children = (
				500F22C95414FE2F823CEA74 /* Pods-Proj Bayleef.debug.xcconfig */,
				0291D54BE0733014F95A3FBD /* Pods-Proj Bayleef.release.xcconfig */,
			);
			name = Pods;
			sourceTree = "<group>";
		};
/* End PBXGroup section */

/* Begin PBXNativeTarget section */
		4918FCD2223C9B74006FC76D /* Proj Bayleef */ = {
			isa = PBXNativeTarget;
			buildConfigurationList = 4918FCE5223C9B77006FC76D /* Build configuration list for PBXNativeTarget "Proj Bayleef" */;
			buildPhases = (
				A5753BCA753C668065D3E1C2 /* [CP] Check Pods Manifest.lock */,
				4918FCCF223C9B74006FC76D /* Sources */,
				4918FCD0223C9B74006FC76D /* Frameworks */,
				4918FCD1223C9B74006FC76D /* Resources */,
				6AF8225B56DF9CB01105B2BA /* [CP] Copy Pods Resources */,
			);
			buildRules = (
			);
			dependencies = (
			);
			name = "Proj Bayleef";
			productName = "Proj Bayleef";
			productReference = 4918FCD3223C9B74006FC76D /* Proj Bayleef.app */;
			productType = "com.apple.product-type.application";
		};
/* End PBXNativeTarget section */

/* Begin PBXProject section */
		4918FCCB223C9B74006FC76D /* Project object */ = {
			isa = PBXProject;
			attributes = {
				LastSwiftUpdateCheck = 1010;
				LastUpgradeCheck = 1010;
				ORGANIZATIONNAME = Petech;
				TargetAttributes = {
					4918FCD2223C9B74006FC76D = {
						CreatedOnToolsVersion = 10.1;
					};
				};
			};
			buildConfigurationList = 4918FCCE223C9B74006FC76D /* Build configuration list for PBXProject "Proj Bayleef" */;
			compatibilityVersion = "Xcode 9.3";
			developmentRegion = en;
			hasScannedForEncodings = 0;
			knownRegions = (
				en,
				Base,
			);
			mainGroup = 4918FCCA223C9B74006FC76D;
			productRefGroup = 4918FCD4223C9B74006FC76D /* Products */;
			projectDirPath = "";
			projectRoot = "";
			targets = (
				4918FCD2223C9B74006FC76D /* Proj Bayleef */,
			);
		};
/* End PBXProject section */

/* Begin PBXResourcesBuildPhase section */
		4918FCD1223C9B74006FC76D /* Resources */ = {
			isa = PBXResourcesBuildPhase;
			buildActionMask = 2147483647;
			files = (
				4918FCE1223C9B77006FC76D /* LaunchScreen.storyboard in Resources */,
				4918FCDE223C9B77006FC76D /* Assets.xcassets in Resources */,
				4918FCDC223C9B75006FC76D /* Main.storyboard in Resources */,
			);
			runOnlyForDeploymentPostprocessing = 0;
		};
/* End PBXResourcesBuildPhase section */

/* Begin PBXShellScriptBuildPhase section */
		6AF8225B56DF9CB01105B2BA /* [CP] Copy Pods Resources */ = {
			isa = PBXShellScriptBuildPhase;
			buildActionMask = 2147483647;
			files = (
			);
			inputPaths = (
				"${SRCROOT}/Pods/Target Support Files/Pods-Proj Bayleef/Pods-Proj Bayleef-resources.sh",
				"${PODS_ROOT}/GoogleMaps/Maps/Frameworks/GoogleMaps.framework/Resources/GoogleMaps.bundle",
				"${PODS_ROOT}/GooglePlaces/Frameworks/GooglePlaces.framework/Resources/GooglePlaces.bundle",
			);
			name = "[CP] Copy Pods Resources";
			outputPaths = (
				"${TARGET_BUILD_DIR}/${UNLOCALIZED_RESOURCES_FOLDER_PATH}/GoogleMaps.bundle",
				"${TARGET_BUILD_DIR}/${UNLOCALIZED_RESOURCES_FOLDER_PATH}/GooglePlaces.bundle",
			);
			runOnlyForDeploymentPostprocessing = 0;
			shellPath = /bin/sh;
			shellScript = "\"${SRCROOT}/Pods/Target Support Files/Pods-Proj Bayleef/Pods-Proj Bayleef-resources.sh\"\n";
			showEnvVarsInLog = 0;
		};
		A5753BCA753C668065D3E1C2 /* [CP] Check Pods Manifest.lock */ = {
			isa = PBXShellScriptBuildPhase;
			buildActionMask = 2147483647;
			files = (
			);
			inputPaths = (
				"${PODS_PODFILE_DIR_PATH}/Podfile.lock",
				"${PODS_ROOT}/Manifest.lock",
			);
			name = "[CP] Check Pods Manifest.lock";
			outputPaths = (
				"$(DERIVED_FILE_DIR)/Pods-Proj Bayleef-checkManifestLockResult.txt",
			);
			runOnlyForDeploymentPostprocessing = 0;
			shellPath = /bin/sh;
			shellScript = "diff \"${PODS_PODFILE_DIR_PATH}/Podfile.lock\" \"${PODS_ROOT}/Manifest.lock\" > /dev/null\nif [ $? != 0 ] ; then\n    # print error to STDERR\n    echo \"error: The sandbox is not in sync with the Podfile.lock. Run 'pod install' or update your CocoaPods installation.\" >&2\n    exit 1\nfi\n# This output is used by Xcode 'outputs' to avoid re-running this script phase.\necho \"SUCCESS\" > \"${SCRIPT_OUTPUT_FILE_0}\"\n";
			showEnvVarsInLog = 0;
		};
/* End PBXShellScriptBuildPhase section */

/* Begin PBXSourcesBuildPhase section */
		4918FCCF223C9B74006FC76D /* Sources */ = {
			isa = PBXSourcesBuildPhase;
			buildActionMask = 2147483647;
			files = (
				4918FCD9223C9B75006FC76D /* mapViewController.swift in Sources */,
				4918FCE9223CAF5F006FC76D /* mapViewControllerMapExtension.swift in Sources */,
				4918FCD7223C9B74006FC76D /* AppDelegate.swift in Sources */,
			);
			runOnlyForDeploymentPostprocessing = 0;
		};
/* End PBXSourcesBuildPhase section */

/* Begin PBXVariantGroup section */
		4918FCDA223C9B75006FC76D /* Main.storyboard */ = {
			isa = PBXVariantGroup;
			children = (
				4918FCDB223C9B75006FC76D /* Base */,
			);
			name = Main.storyboard;
			sourceTree = "<group>";
		};
		4918FCDF223C9B77006FC76D /* LaunchScreen.storyboard */ = {
			isa = PBXVariantGroup;
			children = (
				4918FCE0223C9B77006FC76D /* Base */,
			);
			name = LaunchScreen.storyboard;
			sourceTree = "<group>";
		};
/* End PBXVariantGroup section */

/* Begin XCBuildConfiguration section */
		4918FCE3223C9B77006FC76D /* Debug */ = {
			isa = XCBuildConfiguration;
			buildSettings = {
				ALWAYS_SEARCH_USER_PATHS = NO;
				CLANG_ANALYZER_NONNULL = YES;
				CLANG_ANALYZER_NUMBER_OBJECT_CONVERSION = YES_AGGRESSIVE;
				CLANG_CXX_LANGUAGE_STANDARD = "gnu++14";
				CLANG_CXX_LIBRARY = "libc++";
				CLANG_ENABLE_MODULES = YES;
				CLANG_ENABLE_OBJC_ARC = YES;
				CLANG_ENABLE_OBJC_WEAK = YES;
				CLANG_WARN_BLOCK_CAPTURE_AUTORELEASING = YES;
				CLANG_WARN_BOOL_CONVERSION = YES;
				CLANG_WARN_COMMA = YES;
				CLANG_WARN_CONSTANT_CONVERSION = YES;
				CLANG_WARN_DEPRECATED_OBJC_IMPLEMENTATIONS = YES;
				CLANG_WARN_DIRECT_OBJC_ISA_USAGE = YES_ERROR;
				CLANG_WARN_DOCUMENTATION_COMMENTS = YES;
				CLANG_WARN_EMPTY_BODY = YES;
				CLANG_WARN_ENUM_CONVERSION = YES;
				CLANG_WARN_INFINITE_RECURSION = YES;
				CLANG_WARN_INT_CONVERSION = YES;
				CLANG_WARN_NON_LITERAL_NULL_CONVERSION = YES;
				CLANG_WARN_OBJC_IMPLICIT_RETAIN_SELF = YES;
				CLANG_WARN_OBJC_LITERAL_CONVERSION = YES;
				CLANG_WARN_OBJC_ROOT_CLASS = YES_ERROR;
				CLANG_WARN_RANGE_LOOP_ANALYSIS = YES;
				CLANG_WARN_STRICT_PROTOTYPES = YES;
				CLANG_WARN_SUSPICIOUS_MOVE = YES;
				CLANG_WARN_UNGUARDED_AVAILABILITY = YES_AGGRESSIVE;
				CLANG_WARN_UNREACHABLE_CODE = YES;
				CLANG_WARN__DUPLICATE_METHOD_MATCH = YES;
				CODE_SIGN_IDENTITY = "iPhone Developer";
				COPY_PHASE_STRIP = NO;
				DEBUG_INFORMATION_FORMAT = dwarf;
				ENABLE_STRICT_OBJC_MSGSEND = YES;
				ENABLE_TESTABILITY = YES;
				GCC_C_LANGUAGE_STANDARD = gnu11;
				GCC_DYNAMIC_NO_PIC = NO;
				GCC_NO_COMMON_BLOCKS = YES;
				GCC_OPTIMIZATION_LEVEL = 0;
				GCC_PREPROCESSOR_DEFINITIONS = (
					"DEBUG=1",
					"$(inherited)",
				);
				GCC_WARN_64_TO_32_BIT_CONVERSION = YES;
				GCC_WARN_ABOUT_RETURN_TYPE = YES_ERROR;
				GCC_WARN_UNDECLARED_SELECTOR = YES;
				GCC_WARN_UNINITIALIZED_AUTOS = YES_AGGRESSIVE;
				GCC_WARN_UNUSED_FUNCTION = YES;
				GCC_WARN_UNUSED_VARIABLE = YES;
				IPHONEOS_DEPLOYMENT_TARGET = 12.1;
				MTL_ENABLE_DEBUG_INFO = INCLUDE_SOURCE;
				MTL_FAST_MATH = YES;
				ONLY_ACTIVE_ARCH = YES;
				SDKROOT = iphoneos;
				SWIFT_ACTIVE_COMPILATION_CONDITIONS = DEBUG;
				SWIFT_OPTIMIZATION_LEVEL = "-Onone";
			};
			name = Debug;
		};
		4918FCE4223C9B77006FC76D /* Release */ = {
			isa = XCBuildConfiguration;
			buildSettings = {
				ALWAYS_SEARCH_USER_PATHS = NO;
				CLANG_ANALYZER_NONNULL = YES;
				CLANG_ANALYZER_NUMBER_OBJECT_CONVERSION = YES_AGGRESSIVE;
				CLANG_CXX_LANGUAGE_STANDARD = "gnu++14";
				CLANG_CXX_LIBRARY = "libc++";
				CLANG_ENABLE_MODULES = YES;
				CLANG_ENABLE_OBJC_ARC = YES;
				CLANG_ENABLE_OBJC_WEAK = YES;
				CLANG_WARN_BLOCK_CAPTURE_AUTORELEASING = YES;
				CLANG_WARN_BOOL_CONVERSION = YES;
				CLANG_WARN_COMMA = YES;
				CLANG_WARN_CONSTANT_CONVERSION = YES;
				CLANG_WARN_DEPRECATED_OBJC_IMPLEMENTATIONS = YES;
				CLANG_WARN_DIRECT_OBJC_ISA_USAGE = YES_ERROR;
				CLANG_WARN_DOCUMENTATION_COMMENTS = YES;
				CLANG_WARN_EMPTY_BODY = YES;
				CLANG_WARN_ENUM_CONVERSION = YES;
				CLANG_WARN_INFINITE_RECURSION = YES;
				CLANG_WARN_INT_CONVERSION = YES;
				CLANG_WARN_NON_LITERAL_NULL_CONVERSION = YES;
				CLANG_WARN_OBJC_IMPLICIT_RETAIN_SELF = YES;
				CLANG_WARN_OBJC_LITERAL_CONVERSION = YES;
				CLANG_WARN_OBJC_ROOT_CLASS = YES_ERROR;
				CLANG_WARN_RANGE_LOOP_ANALYSIS = YES;
				CLANG_WARN_STRICT_PROTOTYPES = YES;
				CLANG_WARN_SUSPICIOUS_MOVE = YES;
				CLANG_WARN_UNGUARDED_AVAILABILITY = YES_AGGRESSIVE;
				CLANG_WARN_UNREACHABLE_CODE = YES;
				CLANG_WARN__DUPLICATE_METHOD_MATCH = YES;
				CODE_SIGN_IDENTITY = "iPhone Developer";
				COPY_PHASE_STRIP = NO;
				DEBUG_INFORMATION_FORMAT = "dwarf-with-dsym";
				ENABLE_NS_ASSERTIONS = NO;
				ENABLE_STRICT_OBJC_MSGSEND = YES;
				GCC_C_LANGUAGE_STANDARD = gnu11;
				GCC_NO_COMMON_BLOCKS = YES;
				GCC_WARN_64_TO_32_BIT_CONVERSION = YES;
				GCC_WARN_ABOUT_RETURN_TYPE = YES_ERROR;
				GCC_WARN_UNDECLARED_SELECTOR = YES;
				GCC_WARN_UNINITIALIZED_AUTOS = YES_AGGRESSIVE;
				GCC_WARN_UNUSED_FUNCTION = YES;
				GCC_WARN_UNUSED_VARIABLE = YES;
				IPHONEOS_DEPLOYMENT_TARGET = 12.1;
				MTL_ENABLE_DEBUG_INFO = NO;
				MTL_FAST_MATH = YES;
				SDKROOT = iphoneos;
				SWIFT_COMPILATION_MODE = wholemodule;
				SWIFT_OPTIMIZATION_LEVEL = "-O";
				VALIDATE_PRODUCT = YES;
			};
			name = Release;
		};
		4918FCE6223C9B77006FC76D /* Debug */ = {
			isa = XCBuildConfiguration;
			baseConfigurationReference = 500F22C95414FE2F823CEA74 /* Pods-Proj Bayleef.debug.xcconfig */;
			buildSettings = {
				ASSETCATALOG_COMPILER_APPICON_NAME = AppIcon;
				CODE_SIGN_STYLE = Automatic;
				DEVELOPMENT_TEAM = BA96E32699;
				INFOPLIST_FILE = "Proj Bayleef/Info.plist";
				LD_RUNPATH_SEARCH_PATHS = (
					"$(inherited)",
					"@executable_path/Frameworks",
				);
				PRODUCT_BUNDLE_IDENTIFIER = "com.petech.Proj-Bayleef";
				PRODUCT_NAME = "$(TARGET_NAME)";
				SWIFT_VERSION = 4.2;
				TARGETED_DEVICE_FAMILY = "1,2";
			};
			name = Debug;
		};
		4918FCE7223C9B77006FC76D /* Release */ = {
			isa = XCBuildConfiguration;
			baseConfigurationReference = 0291D54BE0733014F95A3FBD /* Pods-Proj Bayleef.release.xcconfig */;
			buildSettings = {
				ASSETCATALOG_COMPILER_APPICON_NAME = AppIcon;
				CODE_SIGN_STYLE = Automatic;
				DEVELOPMENT_TEAM = BA96E32699;
				INFOPLIST_FILE = "Proj Bayleef/Info.plist";
				LD_RUNPATH_SEARCH_PATHS = (
					"$(inherited)",
					"@executable_path/Frameworks",
				);
				PRODUCT_BUNDLE_IDENTIFIER = "com.petech.Proj-Bayleef";
				PRODUCT_NAME = "$(TARGET_NAME)";
				SWIFT_VERSION = 4.2;
				TARGETED_DEVICE_FAMILY = "1,2";
			};
			name = Release;
		};
/* End XCBuildConfiguration section */

/* Begin XCConfigurationList section */
		4918FCCE223C9B74006FC76D /* Build configuration list for PBXProject "Proj Bayleef" */ = {
			isa = XCConfigurationList;
			buildConfigurations = (
				4918FCE3223C9B77006FC76D /* Debug */,
				4918FCE4223C9B77006FC76D /* Release */,
			);
			defaultConfigurationIsVisible = 0;
			defaultConfigurationName = Release;
		};
		4918FCE5223C9B77006FC76D /* Build configuration list for PBXNativeTarget "Proj Bayleef" */ = {
			isa = XCConfigurationList;
			buildConfigurations = (
				4918FCE6223C9B77006FC76D /* Debug */,
				4918FCE7223C9B77006FC76D /* Release */,
			);
			defaultConfigurationIsVisible = 0;
			defaultConfigurationName = Release;
		};
/* End XCConfigurationList section */
	};
	rootObject = 4918FCCB223C9B74006FC76D /* Project object */;
}
